github.com/brianvoe/gofakeit/v7 v7.0.4 h1:Mkxwz9jYg8Ad8NvT9HA27pCMZGFQo08MK6jD0QTKEww=
github.com/brianvoe/gofakeit/v7 v7.0.4/go.mod h1:QXuPeBw164PJCzCUZVmgpgHJ3Llj49jSLVkKPMtxtxA=
github.com/lib/pq v1.10.9 h1:YXG7RB+JIjhP29X+OtkiDnYaXQwpS4JEWq7dtCCRUEw=
github.com/lib/pq v1.10.9/go.mod h1:AlVN5x4E4T544tWzH6hKfbfQvm3HdbOxrmggDNAPY9o=
